// !$*UTF8*$!
{
	archiveVersion = 1;
	classes = {
	};
	objectVersion = 48;
	objects = {

/* Begin PBXBuildFile section */
		AD70E9DD1F91B3D900C00E44 /* AppDelegate.swift in Sources */ = {isa = PBXBuildFile; fileRef = AD70E9DC1F91B3D900C00E44 /* AppDelegate.swift */; };
		AD70E9DF1F91B3D900C00E44 /* ViewController.swift in Sources */ = {isa = PBXBuildFile; fileRef = AD70E9DE1F91B3D900C00E44 /* ViewController.swift */; };
		AD70E9E21F91B3D900C00E44 /* Main.storyboard in Resources */ = {isa = PBXBuildFile; fileRef = AD70E9E01F91B3D900C00E44 /* Main.storyboard */; };
		AD70E9E41F91B3D900C00E44 /* Assets.xcassets in Resources */ = {isa = PBXBuildFile; fileRef = AD70E9E31F91B3D900C00E44 /* Assets.xcassets */; };
		AD70E9E71F91B3D900C00E44 /* LaunchScreen.storyboard in Resources */ = {isa = PBXBuildFile; fileRef = AD70E9E51F91B3D900C00E44 /* LaunchScreen.storyboard */; };
		AD70E9F21F91B3D900C00E44 /* AddresListTests.swift in Sources */ = {isa = PBXBuildFile; fileRef = AD70E9F11F91B3D900C00E44 /* AddresListTests.swift */; };
		AD70E9FD1F91B3D900C00E44 /* AddresListUITests.swift in Sources */ = {isa = PBXBuildFile; fileRef = AD70E9FC1F91B3D900C00E44 /* AddresListUITests.swift */; };
/* End PBXBuildFile section */

/* Begin PBXContainerItemProxy section */
		AD70E9EE1F91B3D900C00E44 /* PBXContainerItemProxy */ = {
			isa = PBXContainerItemProxy;
			containerPortal = AD70E9D11F91B3D900C00E44 /* Project object */;
			proxyType = 1;
			remoteGlobalIDString = AD70E9D81F91B3D900C00E44;
			remoteInfo = AddresList;
		};
		AD70E9F91F91B3D900C00E44 /* PBXContainerItemProxy */ = {
			isa = PBXContainerItemProxy;
			containerPortal = AD70E9D11F91B3D900C00E44 /* Project object */;
			proxyType = 1;
			remoteGlobalIDString = AD70E9D81F91B3D900C00E44;
			remoteInfo = AddresList;
		};
/* End PBXContainerItemProxy section */

/* Begin PBXFileReference section */
		AD70E9D91F91B3D900C00E44 /* AddresList.app */ = {isa = PBXFileReference; explicitFileType = wrapper.application; includeInIndex = 0; path = AddresList.app; sourceTree = BUILT_PRODUCTS_DIR; };
		AD70E9DC1F91B3D900C00E44 /* AppDelegate.swift */ = {isa = PBXFileReference; lastKnownFileType = sourcecode.swift; path = AppDelegate.swift; sourceTree = "<group>"; };
		AD70E9DE1F91B3D900C00E44 /* ViewController.swift */ = {isa = PBXFileReference; lastKnownFileType = sourcecode.swift; path = ViewController.swift; sourceTree = "<group>"; };
		AD70E9E11F91B3D900C00E44 /* Base */ = {isa = PBXFileReference; lastKnownFileType = file.storyboard; name = Base; path = Base.lproj/Main.storyboard; sourceTree = "<group>"; };
		AD70E9E31F91B3D900C00E44 /* Assets.xcassets */ = {isa = PBXFileReference; lastKnownFileType = folder.assetcatalog; path = Assets.xcassets; sourceTree = "<group>"; };
		AD70E9E61F91B3D900C00E44 /* Base */ = {isa = PBXFileReference; lastKnownFileType = file.storyboard; name = Base; path = Base.lproj/LaunchScreen.storyboard; sourceTree = "<group>"; };
		AD70E9E81F91B3D900C00E44 /* Info.plist */ = {isa = PBXFileReference; lastKnownFileType = text.plist.xml; path = Info.plist; sourceTree = "<group>"; };
		AD70E9ED1F91B3D900C00E44 /* AddresListTests.xctest */ = {isa = PBXFileReference; explicitFileType = wrapper.cfbundle; includeInIndex = 0; path = AddresListTests.xctest; sourceTree = BUILT_PRODUCTS_DIR; };
		AD70E9F11F91B3D900C00E44 /* AddresListTests.swift */ = {isa = PBXFileReference; lastKnownFileType = sourcecode.swift; path = AddresListTests.swift; sourceTree = "<group>"; };
		AD70E9F31F91B3D900C00E44 /* Info.plist */ = {isa = PBXFileReference; lastKnownFileType = text.plist.xml; path = Info.plist; sourceTree = "<group>"; };
		AD70E9F81F91B3D900C00E44 /* AddresListUITests.xctest */ = {isa = PBXFileReference; explicitFileType = wrapper.cfbundle; includeInIndex = 0; path = AddresListUITests.xctest; sourceTree = BUILT_PRODUCTS_DIR; };
		AD70E9FC1F91B3D900C00E44 /* AddresListUITests.swift */ = {isa = PBXFileReference; lastKnownFileType = sourcecode.swift; path = AddresListUITests.swift; sourceTree = "<group>"; };
		AD70E9FE1F91B3D900C00E44 /* Info.plist */ = {isa = PBXFileReference; lastKnownFileType = text.plist.xml; path = Info.plist; sourceTree = "<group>"; };
/* End PBXFileReference section */

/* Begin PBXFrameworksBuildPhase section */
		AD70E9D61F91B3D900C00E44 /* Frameworks */ = {
			isa = PBXFrameworksBuildPhase;
			buildActionMask = 2147483647;
			files = (
			);
			runOnlyForDeploymentPostprocessing = 0;
		};
		AD70E9EA1F91B3D900C00E44 /* Frameworks */ = {
			isa = PBXFrameworksBuildPhase;
			buildActionMask = 2147483647;
			files = (
			);
			runOnlyForDeploymentPostprocessing = 0;
		};
		AD70E9F51F91B3D900C00E44 /* Frameworks */ = {
			isa = PBXFrameworksBuildPhase;
			buildActionMask = 2147483647;
			files = (
			);
			runOnlyForDeploymentPostprocessing = 0;
		};
/* End PBXFrameworksBuildPhase section */

/* Begin PBXGroup section */
		AD70E9D01F91B3D900C00E44 = {
			isa = PBXGroup;
			children = (
				AD70E9DB1F91B3D900C00E44 /* AddresList */,
				AD70E9F01F91B3D900C00E44 /* AddresListTests */,
				AD70E9FB1F91B3D900C00E44 /* AddresListUITests */,
				AD70E9DA1F91B3D900C00E44 /* Products */,
			);
			sourceTree = "<group>";
		};
		AD70E9DA1F91B3D900C00E44 /* Products */ = {
			isa = PBXGroup;
			children = (
				AD70E9D91F91B3D900C00E44 /* AddresList.app */,
				AD70E9ED1F91B3D900C00E44 /* AddresListTests.xctest */,
				AD70E9F81F91B3D900C00E44 /* AddresListUITests.xctest */,
			);
			name = Products;
			sourceTree = "<group>";
		};
		AD70E9DB1F91B3D900C00E44 /* AddresList */ = {
			isa = PBXGroup;
			children = (
				AD70E9DC1F91B3D900C00E44 /* AppDelegate.swift */,
				AD70E9DE1F91B3D900C00E44 /* ViewController.swift */,
				AD70E9E01F91B3D900C00E44 /* Main.storyboard */,
				AD70E9E31F91B3D900C00E44 /* Assets.xcassets */,
				AD70E9E51F91B3D900C00E44 /* LaunchScreen.storyboard */,
				AD70E9E81F91B3D900C00E44 /* Info.plist */,
			);
			path = AddresList;
			sourceTree = "<group>";
		};
		AD70E9F01F91B3D900C00E44 /* AddresListTests */ = {
			isa = PBXGroup;
			children = (
				AD70E9F11F91B3D900C00E44 /* AddresListTests.swift */,
				AD70E9F31F91B3D900C00E44 /* Info.plist */,
			);
			path = AddresListTests;
			sourceTree = "<group>";
		};
		AD70E9FB1F91B3D900C00E44 /* AddresListUITests */ = {
			isa = PBXGroup;
			children = (
				AD70E9FC1F91B3D900C00E44 /* AddresListUITests.swift */,
				AD70E9FE1F91B3D900C00E44 /* Info.plist */,
			);
			path = AddresListUITests;
			sourceTree = "<group>";
		};
/* End PBXGroup section */

/* Begin PBXNativeTarget section */
		AD70E9D81F91B3D900C00E44 /* AddresList */ = {
			isa = PBXNativeTarget;
			buildConfigurationList = AD70EA011F91B3D900C00E44 /* Build configuration list for PBXNativeTarget "AddresList" */;
			buildPhases = (
				AD70E9D51F91B3D900C00E44 /* Sources */,
				AD70E9D61F91B3D900C00E44 /* Frameworks */,
				AD70E9D71F91B3D900C00E44 /* Resources */,
			);
			buildRules = (
			);
			dependencies = (
			);
			name = AddresList;
			productName = AddresList;
			productReference = AD70E9D91F91B3D900C00E44 /* AddresList.app */;
			productType = "com.apple.product-type.application";
		};
		AD70E9EC1F91B3D900C00E44 /* AddresListTests */ = {
			isa = PBXNativeTarget;
			buildConfigurationList = AD70EA041F91B3D900C00E44 /* Build configuration list for PBXNativeTarget "AddresListTests" */;
			buildPhases = (
				AD70E9E91F91B3D900C00E44 /* Sources */,
				AD70E9EA1F91B3D900C00E44 /* Frameworks */,
				AD70E9EB1F91B3D900C00E44 /* Resources */,
			);
			buildRules = (
			);
			dependencies = (
				AD70E9EF1F91B3D900C00E44 /* PBXTargetDependency */,
			);
			name = AddresListTests;
			productName = AddresListTests;
			productReference = AD70E9ED1F91B3D900C00E44 /* AddresListTests.xctest */;
			productType = "com.apple.product-type.bundle.unit-test";
		};
		AD70E9F71F91B3D900C00E44 /* AddresListUITests */ = {
			isa = PBXNativeTarget;
			buildConfigurationList = AD70EA071F91B3D900C00E44 /* Build configuration list for PBXNativeTarget "AddresListUITests" */;
			buildPhases = (
				AD70E9F41F91B3D900C00E44 /* Sources */,
				AD70E9F51F91B3D900C00E44 /* Frameworks */,
				AD70E9F61F91B3D900C00E44 /* Resources */,
			);
			buildRules = (
			);
			dependencies = (
				AD70E9FA1F91B3D900C00E44 /* PBXTargetDependency */,
			);
			name = AddresListUITests;
			productName = AddresListUITests;
			productReference = AD70E9F81F91B3D900C00E44 /* AddresListUITests.xctest */;
			productType = "com.apple.product-type.bundle.ui-testing";
		};
/* End PBXNativeTarget section */

/* Begin PBXProject section */
		AD70E9D11F91B3D900C00E44 /* Project object */ = {
			isa = PBXProject;
			attributes = {
				LastSwiftUpdateCheck = 0900;
				LastUpgradeCheck = 0900;
				ORGANIZATIONNAME = Lavie;
				TargetAttributes = {
					AD70E9D81F91B3D900C00E44 = {
						CreatedOnToolsVersion = 9.0;
						ProvisioningStyle = Automatic;
					};
					AD70E9EC1F91B3D900C00E44 = {
						CreatedOnToolsVersion = 9.0;
						ProvisioningStyle = Automatic;
						TestTargetID = AD70E9D81F91B3D900C00E44;
					};
					AD70E9F71F91B3D900C00E44 = {
						CreatedOnToolsVersion = 9.0;
						ProvisioningStyle = Automatic;
						TestTargetID = AD70E9D81F91B3D900C00E44;
					};
				};
			};
			buildConfigurationList = AD70E9D41F91B3D900C00E44 /* Build configuration list for PBXProject "AddresList" */;
			compatibilityVersion = "Xcode 8.0";
			developmentRegion = en;
			hasScannedForEncodings = 0;
			knownRegions = (
				en,
				Base,
			);
			mainGroup = AD70E9D01F91B3D900C00E44;
			productRefGroup = AD70E9DA1F91B3D900C00E44 /* Products */;
			projectDirPath = "";
			projectRoot = "";
			targets = (
				AD70E9D81F91B3D900C00E44 /* AddresList */,
				AD70E9EC1F91B3D900C00E44 /* AddresListTests */,
				AD70E9F71F91B3D900C00E44 /* AddresListUITests */,
			);
		};
/* End PBXProject section */

/* Begin PBXResourcesBuildPhase section */
		AD70E9D71F91B3D900C00E44 /* Resources */ = {
			isa = PBXResourcesBuildPhase;
			buildActionMask = 2147483647;
			files = (
				AD70E9E71F91B3D900C00E44 /* LaunchScreen.storyboard in Resources */,
				AD70E9E41F91B3D900C00E44 /* Assets.xcassets in Resources */,
				AD70E9E21F91B3D900C00E44 /* Main.storyboard in Resources */,
			);
			runOnlyForDeploymentPostprocessing = 0;
		};
		AD70E9EB1F91B3D900C00E44 /* Resources */ = {
			isa = PBXResourcesBuildPhase;
			buildActionMask = 2147483647;
			files = (
			);
			runOnlyForDeploymentPostprocessing = 0;
		};
		AD70E9F61F91B3D900C00E44 /* Resources */ = {
			isa = PBXResourcesBuildPhase;
			buildActionMask = 2147483647;
			files = (
			);
			runOnlyForDeploymentPostprocessing = 0;
		};
/* End PBXResourcesBuildPhase section */

/* Begin PBXSourcesBuildPhase section */
		AD70E9D51F91B3D900C00E44 /* Sources */ = {
			isa = PBXSourcesBuildPhase;
			buildActionMask = 2147483647;
			files = (
				AD70E9DF1F91B3D900C00E44 /* ViewController.swift in Sources */,
				AD70E9DD1F91B3D900C00E44 /* AppDelegate.swift in Sources */,
			);
			runOnlyForDeploymentPostprocessing = 0;
		};
		AD70E9E91F91B3D900C00E44 /* Sources */ = {
			isa = PBXSourcesBuildPhase;
			buildActionMask = 2147483647;
			files = (
				AD70E9F21F91B3D900C00E44 /* AddresListTests.swift in Sources */,
			);
			runOnlyForDeploymentPostprocessing = 0;
		};
		AD70E9F41F91B3D900C00E44 /* Sources */ = {
			isa = PBXSourcesBuildPhase;
			buildActionMask = 2147483647;
			files = (
				AD70E9FD1F91B3D900C00E44 /* AddresListUITests.swift in Sources */,
			);
			runOnlyForDeploymentPostprocessing = 0;
		};
/* End PBXSourcesBuildPhase section */

/* Begin PBXTargetDependency section */
		AD70E9EF1F91B3D900C00E44 /* PBXTargetDependency */ = {
			isa = PBXTargetDependency;
			target = AD70E9D81F91B3D900C00E44 /* AddresList */;
			targetProxy = AD70E9EE1F91B3D900C00E44 /* PBXContainerItemProxy */;
		};
		AD70E9FA1F91B3D900C00E44 /* PBXTargetDependency */ = {
			isa = PBXTargetDependency;
			target = AD70E9D81F91B3D900C00E44 /* AddresList */;
			targetProxy = AD70E9F91F91B3D900C00E44 /* PBXContainerItemProxy */;
		};
/* End PBXTargetDependency section */

/* Begin PBXVariantGroup section */
		AD70E9E01F91B3D900C00E44 /* Main.storyboard */ = {
			isa = PBXVariantGroup;
			children = (
				AD70E9E11F91B3D900C00E44 /* Base */,
			);
			name = Main.storyboard;
			sourceTree = "<group>";
		};
		AD70E9E51F91B3D900C00E44 /* LaunchScreen.storyboard */ = {
			isa = PBXVariantGroup;
			children = (
				AD70E9E61F91B3D900C00E44 /* Base */,
			);
			name = LaunchScreen.storyboard;
			sourceTree = "<group>";
		};
/* End PBXVariantGroup section */

/* Begin XCBuildConfiguration section */
		AD70E9FF1F91B3D900C00E44 /* Debug */ = {
			isa = XCBuildConfiguration;
			buildSettings = {
				ALWAYS_SEARCH_USER_PATHS = NO;
				CLANG_ANALYZER_NONNULL = YES;
				CLANG_ANALYZER_NUMBER_OBJECT_CONVERSION = YES_AGGRESSIVE;
				CLANG_CXX_LANGUAGE_STANDARD = "gnu++14";
				CLANG_CXX_LIBRARY = "libc++";
				CLANG_ENABLE_MODULES = YES;
				CLANG_ENABLE_OBJC_ARC = YES;
				CLANG_WARN_BLOCK_CAPTURE_AUTORELEASING = YES;
				CLANG_WARN_BOOL_CONVERSION = YES;
				CLANG_WARN_COMMA = YES;
				CLANG_WARN_CONSTANT_CONVERSION = YES;
				CLANG_WARN_DIRECT_OBJC_ISA_USAGE = YES_ERROR;
				CLANG_WARN_DOCUMENTATION_COMMENTS = YES;
				CLANG_WARN_EMPTY_BODY = YES;
				CLANG_WARN_ENUM_CONVERSION = YES;
				CLANG_WARN_INFINITE_RECURSION = YES;
				CLANG_WARN_INT_CONVERSION = YES;
				CLANG_WARN_NON_LITERAL_NULL_CONVERSION = YES;
				CLANG_WARN_OBJC_LITERAL_CONVERSION = YES;
				CLANG_WARN_OBJC_ROOT_CLASS = YES_ERROR;
				CLANG_WARN_RANGE_LOOP_ANALYSIS = YES;
				CLANG_WARN_STRICT_PROTOTYPES = YES;
				CLANG_WARN_SUSPICIOUS_MOVE = YES;
				CLANG_WARN_UNGUARDED_AVAILABILITY = YES_AGGRESSIVE;
				CLANG_WARN_UNREACHABLE_CODE = YES;
				CLANG_WARN__DUPLICATE_METHOD_MATCH = YES;
				CODE_SIGN_IDENTITY = "iPhone Developer";
				COPY_PHASE_STRIP = NO;
				DEBUG_INFORMATION_FORMAT = dwarf;
				ENABLE_STRICT_OBJC_MSGSEND = YES;
				ENABLE_TESTABILITY = YES;
				GCC_C_LANGUAGE_STANDARD = gnu11;
				GCC_DYNAMIC_NO_PIC = NO;
				GCC_NO_COMMON_BLOCKS = YES;
				GCC_OPTIMIZATION_LEVEL = 0;
				GCC_PREPROCESSOR_DEFINITIONS = (
					"DEBUG=1",
					"$(inherited)",
				);
				GCC_WARN_64_TO_32_BIT_CONVERSION = YES;
				GCC_WARN_ABOUT_RETURN_TYPE = YES_ERROR;
				GCC_WARN_UNDECLARED_SELECTOR = YES;
				GCC_WARN_UNINITIALIZED_AUTOS = YES_AGGRESSIVE;
				GCC_WARN_UNUSED_FUNCTION = YES;
				GCC_WARN_UNUSED_VARIABLE = YES;
				IPHONEOS_DEPLOYMENT_TARGET = 11.0;
				MTL_ENABLE_DEBUG_INFO = YES;
				ONLY_ACTIVE_ARCH = YES;
				SDKROOT = iphoneos;
				SWIFT_ACTIVE_COMPILATION_CONDITIONS = DEBUG;
				SWIFT_OPTIMIZATION_LEVEL = "-Onone";
			};
			name = Debug;
		};
		AD70EA001F91B3D900C00E44 /* Release */ = {
			isa = XCBuildConfiguration;
			buildSettings = {
				ALWAYS_SEARCH_USER_PATHS = NO;
				CLANG_ANALYZER_NONNULL = YES;
				CLANG_ANALYZER_NUMBER_OBJECT_CONVERSION = YES_AGGRESSIVE;
				CLANG_CXX_LANGUAGE_STANDARD = "gnu++14";
				CLANG_CXX_LIBRARY = "libc++";
				CLANG_ENABLE_MODULES = YES;
				CLANG_ENABLE_OBJC_ARC = YES;
				CLANG_WARN_BLOCK_CAPTURE_AUTORELEASING = YES;
				CLANG_WARN_BOOL_CONVERSION = YES;
				CLANG_WARN_COMMA = YES;
				CLANG_WARN_CONSTANT_CONVERSION = YES;
				CLANG_WARN_DIRECT_OBJC_ISA_USAGE = YES_ERROR;
				CLANG_WARN_DOCUMENTATION_COMMENTS = YES;
				CLANG_WARN_EMPTY_BODY = YES;
				CLANG_WARN_ENUM_CONVERSION = YES;
				CLANG_WARN_INFINITE_RECURSION = YES;
				CLANG_WARN_INT_CONVERSION = YES;
				CLANG_WARN_NON_LITERAL_NULL_CONVERSION = YES;
				CLANG_WARN_OBJC_LITERAL_CONVERSION = YES;
				CLANG_WARN_OBJC_ROOT_CLASS = YES_ERROR;
				CLANG_WARN_RANGE_LOOP_ANALYSIS = YES;
				CLANG_WARN_STRICT_PROTOTYPES = YES;
				CLANG_WARN_SUSPICIOUS_MOVE = YES;
				CLANG_WARN_UNGUARDED_AVAILABILITY = YES_AGGRESSIVE;
				CLANG_WARN_UNREACHABLE_CODE = YES;
				CLANG_WARN__DUPLICATE_METHOD_MATCH = YES;
				CODE_SIGN_IDENTITY = "iPhone Developer";
				COPY_PHASE_STRIP = NO;
				DEBUG_INFORMATION_FORMAT = "dwarf-with-dsym";
				ENABLE_NS_ASSERTIONS = NO;
				ENABLE_STRICT_OBJC_MSGSEND = YES;
				GCC_C_LANGUAGE_STANDARD = gnu11;
				GCC_NO_COMMON_BLOCKS = YES;
				GCC_WARN_64_TO_32_BIT_CONVERSION = YES;
				GCC_WARN_ABOUT_RETURN_TYPE = YES_ERROR;
				GCC_WARN_UNDECLARED_SELECTOR = YES;
				GCC_WARN_UNINITIALIZED_AUTOS = YES_AGGRESSIVE;
				GCC_WARN_UNUSED_FUNCTION = YES;
				GCC_WARN_UNUSED_VARIABLE = YES;
				IPHONEOS_DEPLOYMENT_TARGET = 11.0;
				MTL_ENABLE_DEBUG_INFO = NO;
				SDKROOT = iphoneos;
				SWIFT_OPTIMIZATION_LEVEL = "-Owholemodule";
				VALIDATE_PRODUCT = YES;
			};
			name = Release;
		};
		AD70EA021F91B3D900C00E44 /* Debug */ = {
			isa = XCBuildConfiguration;
			buildSettings = {
				ASSETCATALOG_COMPILER_APPICON_NAME = AppIcon;
				CODE_SIGN_STYLE = Automatic;
				INFOPLIST_FILE = AddresList/Info.plist;
				LD_RUNPATH_SEARCH_PATHS = "$(inherited) @executable_path/Frameworks";
				PRODUCT_BUNDLE_IDENTIFIER = com.lavie.AddresList;
				PRODUCT_NAME = "$(TARGET_NAME)";
				SWIFT_VERSION = 4.0;
				TARGETED_DEVICE_FAMILY = "1,2";
			};
			name = Debug;
		};
		AD70EA031F91B3D900C00E44 /* Release */ = {
			isa = XCBuildConfiguration;
			buildSettings = {
				ASSETCATALOG_COMPILER_APPICON_NAME = AppIcon;
				CODE_SIGN_STYLE = Automatic;
				INFOPLIST_FILE = AddresList/Info.plist;
				LD_RUNPATH_SEARCH_PATHS = "$(inherited) @executable_path/Frameworks";
				PRODUCT_BUNDLE_IDENTIFIER = com.lavie.AddresList;
				PRODUCT_NAME = "$(TARGET_NAME)";
				SWIFT_VERSION = 4.0;
				TARGETED_DEVICE_FAMILY = "1,2";
			};
			name = Release;
		};
		AD70EA051F91B3D900C00E44 /* Debug */ = {
			isa = XCBuildConfiguration;
			buildSettings = {
				ALWAYS_EMBED_SWIFT_STANDARD_LIBRARIES = YES;
				BUNDLE_LOADER = "$(TEST_HOST)";
				CODE_SIGN_STYLE = Automatic;
				INFOPLIST_FILE = AddresListTests/Info.plist;
				LD_RUNPATH_SEARCH_PATHS = "$(inherited) @executable_path/Frameworks @loader_path/Frameworks";
				PRODUCT_BUNDLE_IDENTIFIER = com.lavie.AddresListTests;
				PRODUCT_NAME = "$(TARGET_NAME)";
				SWIFT_VERSION = 4.0;
				TARGETED_DEVICE_FAMILY = "1,2";
				TEST_HOST = "$(BUILT_PRODUCTS_DIR)/AddresList.app/AddresList";
			};
			name = Debug;
		};
		AD70EA061F91B3D900C00E44 /* Release */ = {
			isa = XCBuildConfiguration;
			buildSettings = {
				ALWAYS_EMBED_SWIFT_STANDARD_LIBRARIES = YES;
				BUNDLE_LOADER = "$(TEST_HOST)";
				CODE_SIGN_STYLE = Automatic;
				INFOPLIST_FILE = AddresListTests/Info.plist;
				LD_RUNPATH_SEARCH_PATHS = "$(inherited) @executable_path/Frameworks @loader_path/Frameworks";
				PRODUCT_BUNDLE_IDENTIFIER = com.lavie.AddresListTests;
				PRODUCT_NAME = "$(TARGET_NAME)";
				SWIFT_VERSION = 4.0;
				TARGETED_DEVICE_FAMILY = "1,2";
				TEST_HOST = "$(BUILT_PRODUCTS_DIR)/AddresList.app/AddresList";
			};
			name = Release;
		};
		AD70EA081F91B3D900C00E44 /* Debug */ = {
			isa = XCBuildConfiguration;
			buildSettings = {
				ALWAYS_EMBED_SWIFT_STANDARD_LIBRARIES = YES;
				CODE_SIGN_STYLE = Automatic;
				INFOPLIST_FILE = AddresListUITests/Info.plist;
				LD_RUNPATH_SEARCH_PATHS = "$(inherited) @executable_path/Frameworks @loader_path/Frameworks";
				PRODUCT_BUNDLE_IDENTIFIER = com.lavie.AddresListUITests;
				PRODUCT_NAME = "$(TARGET_NAME)";
				SWIFT_VERSION = 4.0;
				TARGETED_DEVICE_FAMILY = "1,2";
				TEST_TARGET_NAME = AddresList;
			};
			name = Debug;
		};
		AD70EA091F91B3D900C00E44 /* Release */ = {
			isa = XCBuildConfiguration;
			buildSettings = {
				ALWAYS_EMBED_SWIFT_STANDARD_LIBRARIES = YES;
				CODE_SIGN_STYLE = Automatic;
				INFOPLIST_FILE = AddresListUITests/Info.plist;
				LD_RUNPATH_SEARCH_PATHS = "$(inherited) @executable_path/Frameworks @loader_path/Frameworks";
				PRODUCT_BUNDLE_IDENTIFIER = com.lavie.AddresListUITests;
				PRODUCT_NAME = "$(TARGET_NAME)";
				SWIFT_VERSION = 4.0;
				TARGETED_DEVICE_FAMILY = "1,2";
				TEST_TARGET_NAME = AddresList;
			};
			name = Release;
		};
/* End XCBuildConfiguration section */

/* Begin XCConfigurationList section */
		AD70E9D41F91B3D900C00E44 /* Build configuration list for PBXProject "AddresList" */ = {
			isa = XCConfigurationList;
			buildConfigurations = (
				AD70E9FF1F91B3D900C00E44 /* Debug */,
				AD70EA001F91B3D900C00E44 /* Release */,
			);
			defaultConfigurationIsVisible = 0;
			defaultConfigurationName = Release;
		};
		AD70EA011F91B3D900C00E44 /* Build configuration list for PBXNativeTarget "AddresList" */ = {
			isa = XCConfigurationList;
			buildConfigurations = (
				AD70EA021F91B3D900C00E44 /* Debug */,
				AD70EA031F91B3D900C00E44 /* Release */,
			);
			defaultConfigurationIsVisible = 0;
			defaultConfigurationName = Release;
		};
		AD70EA041F91B3D900C00E44 /* Build configuration list for PBXNativeTarget "AddresListTests" */ = {
			isa = XCConfigurationList;
			buildConfigurations = (
				AD70EA051F91B3D900C00E44 /* Debug */,
				AD70EA061F91B3D900C00E44 /* Release */,
			);
			defaultConfigurationIsVisible = 0;
			defaultConfigurationName = Release;
		};
		AD70EA071F91B3D900C00E44 /* Build configuration list for PBXNativeTarget "AddresListUITests" */ = {
			isa = XCConfigurationList;
			buildConfigurations = (
				AD70EA081F91B3D900C00E44 /* Debug */,
				AD70EA091F91B3D900C00E44 /* Release */,
			);
			defaultConfigurationIsVisible = 0;
			defaultConfigurationName = Release;
		};
/* End XCConfigurationList section */
	};
	rootObject = AD70E9D11F91B3D900C00E44 /* Project object */;
}
