// !$*UTF8*$!
{
	archiveVersion = 1;
	classes = {
	};
	objectVersion = 48;
	objects = {

/* Begin PBXBuildFile section */
		ADD00C581F91C0A50050C24B /* AppDelegate.swift in Sources */ = {isa = PBXBuildFile; fileRef = ADD00C571F91C0A50050C24B /* AppDelegate.swift */; };
		ADD00C5A1F91C0A50050C24B /* ViewController.swift in Sources */ = {isa = PBXBuildFile; fileRef = ADD00C591F91C0A50050C24B /* ViewController.swift */; };
		ADD00C5D1F91C0A50050C24B /* Main.storyboard in Resources */ = {isa = PBXBuildFile; fileRef = ADD00C5B1F91C0A50050C24B /* Main.storyboard */; };
		ADD00C5F1F91C0A50050C24B /* Assets.xcassets in Resources */ = {isa = PBXBuildFile; fileRef = ADD00C5E1F91C0A50050C24B /* Assets.xcassets */; };
		ADD00C621F91C0A50050C24B /* LaunchScreen.storyboard in Resources */ = {isa = PBXBuildFile; fileRef = ADD00C601F91C0A50050C24B /* LaunchScreen.storyboard */; };
		ADD00C6D1F91C0A50050C24B /* stopwatchTests.swift in Sources */ = {isa = PBXBuildFile; fileRef = ADD00C6C1F91C0A50050C24B /* stopwatchTests.swift */; };
		ADD00C781F91C0A50050C24B /* stopwatchUITests.swift in Sources */ = {isa = PBXBuildFile; fileRef = ADD00C771F91C0A50050C24B /* stopwatchUITests.swift */; };
/* End PBXBuildFile section */

/* Begin PBXContainerItemProxy section */
		ADD00C691F91C0A50050C24B /* PBXContainerItemProxy */ = {
			isa = PBXContainerItemProxy;
			containerPortal = ADD00C4C1F91C0A50050C24B /* Project object */;
			proxyType = 1;
			remoteGlobalIDString = ADD00C531F91C0A50050C24B;
			remoteInfo = stopwatch;
		};
		ADD00C741F91C0A50050C24B /* PBXContainerItemProxy */ = {
			isa = PBXContainerItemProxy;
			containerPortal = ADD00C4C1F91C0A50050C24B /* Project object */;
			proxyType = 1;
			remoteGlobalIDString = ADD00C531F91C0A50050C24B;
			remoteInfo = stopwatch;
		};
/* End PBXContainerItemProxy section */

/* Begin PBXFileReference section */
		ADD00C541F91C0A50050C24B /* stopwatch.app */ = {isa = PBXFileReference; explicitFileType = wrapper.application; includeInIndex = 0; path = stopwatch.app; sourceTree = BUILT_PRODUCTS_DIR; };
		ADD00C571F91C0A50050C24B /* AppDelegate.swift */ = {isa = PBXFileReference; lastKnownFileType = sourcecode.swift; path = AppDelegate.swift; sourceTree = "<group>"; };
		ADD00C591F91C0A50050C24B /* ViewController.swift */ = {isa = PBXFileReference; lastKnownFileType = sourcecode.swift; path = ViewController.swift; sourceTree = "<group>"; };
		ADD00C5C1F91C0A50050C24B /* Base */ = {isa = PBXFileReference; lastKnownFileType = file.storyboard; name = Base; path = Base.lproj/Main.storyboard; sourceTree = "<group>"; };
		ADD00C5E1F91C0A50050C24B /* Assets.xcassets */ = {isa = PBXFileReference; lastKnownFileType = folder.assetcatalog; path = Assets.xcassets; sourceTree = "<group>"; };
		ADD00C611F91C0A50050C24B /* Base */ = {isa = PBXFileReference; lastKnownFileType = file.storyboard; name = Base; path = Base.lproj/LaunchScreen.storyboard; sourceTree = "<group>"; };
		ADD00C631F91C0A50050C24B /* Info.plist */ = {isa = PBXFileReference; lastKnownFileType = text.plist.xml; path = Info.plist; sourceTree = "<group>"; };
		ADD00C681F91C0A50050C24B /* stopwatchTests.xctest */ = {isa = PBXFileReference; explicitFileType = wrapper.cfbundle; includeInIndex = 0; path = stopwatchTests.xctest; sourceTree = BUILT_PRODUCTS_DIR; };
		ADD00C6C1F91C0A50050C24B /* stopwatchTests.swift */ = {isa = PBXFileReference; lastKnownFileType = sourcecode.swift; path = stopwatchTests.swift; sourceTree = "<group>"; };
		ADD00C6E1F91C0A50050C24B /* Info.plist */ = {isa = PBXFileReference; lastKnownFileType = text.plist.xml; path = Info.plist; sourceTree = "<group>"; };
		ADD00C731F91C0A50050C24B /* stopwatchUITests.xctest */ = {isa = PBXFileReference; explicitFileType = wrapper.cfbundle; includeInIndex = 0; path = stopwatchUITests.xctest; sourceTree = BUILT_PRODUCTS_DIR; };
		ADD00C771F91C0A50050C24B /* stopwatchUITests.swift */ = {isa = PBXFileReference; lastKnownFileType = sourcecode.swift; path = stopwatchUITests.swift; sourceTree = "<group>"; };
		ADD00C791F91C0A50050C24B /* Info.plist */ = {isa = PBXFileReference; lastKnownFileType = text.plist.xml; path = Info.plist; sourceTree = "<group>"; };
/* End PBXFileReference section */

/* Begin PBXFrameworksBuildPhase section */
		ADD00C511F91C0A50050C24B /* Frameworks */ = {
			isa = PBXFrameworksBuildPhase;
			buildActionMask = 2147483647;
			files = (
			);
			runOnlyForDeploymentPostprocessing = 0;
		};
		ADD00C651F91C0A50050C24B /* Frameworks */ = {
			isa = PBXFrameworksBuildPhase;
			buildActionMask = 2147483647;
			files = (
			);
			runOnlyForDeploymentPostprocessing = 0;
		};
		ADD00C701F91C0A50050C24B /* Frameworks */ = {
			isa = PBXFrameworksBuildPhase;
			buildActionMask = 2147483647;
			files = (
			);
			runOnlyForDeploymentPostprocessing = 0;
		};
/* End PBXFrameworksBuildPhase section */

/* Begin PBXGroup section */
		ADD00C4B1F91C0A50050C24B = {
			isa = PBXGroup;
			children = (
				ADD00C561F91C0A50050C24B /* stopwatch */,
				ADD00C6B1F91C0A50050C24B /* stopwatchTests */,
				ADD00C761F91C0A50050C24B /* stopwatchUITests */,
				ADD00C551F91C0A50050C24B /* Products */,
			);
			sourceTree = "<group>";
		};
		ADD00C551F91C0A50050C24B /* Products */ = {
			isa = PBXGroup;
			children = (
				ADD00C541F91C0A50050C24B /* stopwatch.app */,
				ADD00C681F91C0A50050C24B /* stopwatchTests.xctest */,
				ADD00C731F91C0A50050C24B /* stopwatchUITests.xctest */,
			);
			name = Products;
			sourceTree = "<group>";
		};
		ADD00C561F91C0A50050C24B /* stopwatch */ = {
			isa = PBXGroup;
			children = (
				ADD00C571F91C0A50050C24B /* AppDelegate.swift */,
				ADD00C591F91C0A50050C24B /* ViewController.swift */,
				ADD00C5B1F91C0A50050C24B /* Main.storyboard */,
				ADD00C5E1F91C0A50050C24B /* Assets.xcassets */,
				ADD00C601F91C0A50050C24B /* LaunchScreen.storyboard */,
				ADD00C631F91C0A50050C24B /* Info.plist */,
			);
			path = stopwatch;
			sourceTree = "<group>";
		};
		ADD00C6B1F91C0A50050C24B /* stopwatchTests */ = {
			isa = PBXGroup;
			children = (
				ADD00C6C1F91C0A50050C24B /* stopwatchTests.swift */,
				ADD00C6E1F91C0A50050C24B /* Info.plist */,
			);
			path = stopwatchTests;
			sourceTree = "<group>";
		};
		ADD00C761F91C0A50050C24B /* stopwatchUITests */ = {
			isa = PBXGroup;
			children = (
				ADD00C771F91C0A50050C24B /* stopwatchUITests.swift */,
				ADD00C791F91C0A50050C24B /* Info.plist */,
			);
			path = stopwatchUITests;
			sourceTree = "<group>";
		};
/* End PBXGroup section */

/* Begin PBXNativeTarget section */
		ADD00C531F91C0A50050C24B /* stopwatch */ = {
			isa = PBXNativeTarget;
			buildConfigurationList = ADD00C7C1F91C0A50050C24B /* Build configuration list for PBXNativeTarget "stopwatch" */;
			buildPhases = (
				ADD00C501F91C0A50050C24B /* Sources */,
				ADD00C511F91C0A50050C24B /* Frameworks */,
				ADD00C521F91C0A50050C24B /* Resources */,
			);
			buildRules = (
			);
			dependencies = (
			);
			name = stopwatch;
			productName = stopwatch;
			productReference = ADD00C541F91C0A50050C24B /* stopwatch.app */;
			productType = "com.apple.product-type.application";
		};
		ADD00C671F91C0A50050C24B /* stopwatchTests */ = {
			isa = PBXNativeTarget;
			buildConfigurationList = ADD00C7F1F91C0A50050C24B /* Build configuration list for PBXNativeTarget "stopwatchTests" */;
			buildPhases = (
				ADD00C641F91C0A50050C24B /* Sources */,
				ADD00C651F91C0A50050C24B /* Frameworks */,
				ADD00C661F91C0A50050C24B /* Resources */,
			);
			buildRules = (
			);
			dependencies = (
				ADD00C6A1F91C0A50050C24B /* PBXTargetDependency */,
			);
			name = stopwatchTests;
			productName = stopwatchTests;
			productReference = ADD00C681F91C0A50050C24B /* stopwatchTests.xctest */;
			productType = "com.apple.product-type.bundle.unit-test";
		};
		ADD00C721F91C0A50050C24B /* stopwatchUITests */ = {
			isa = PBXNativeTarget;
			buildConfigurationList = ADD00C821F91C0A50050C24B /* Build configuration list for PBXNativeTarget "stopwatchUITests" */;
			buildPhases = (
				ADD00C6F1F91C0A50050C24B /* Sources */,
				ADD00C701F91C0A50050C24B /* Frameworks */,
				ADD00C711F91C0A50050C24B /* Resources */,
			);
			buildRules = (
			);
			dependencies = (
				ADD00C751F91C0A50050C24B /* PBXTargetDependency */,
			);
			name = stopwatchUITests;
			productName = stopwatchUITests;
			productReference = ADD00C731F91C0A50050C24B /* stopwatchUITests.xctest */;
			productType = "com.apple.product-type.bundle.ui-testing";
		};
/* End PBXNativeTarget section */

/* Begin PBXProject section */
		ADD00C4C1F91C0A50050C24B /* Project object */ = {
			isa = PBXProject;
			attributes = {
				LastSwiftUpdateCheck = 0900;
				LastUpgradeCheck = 0900;
				ORGANIZATIONNAME = Lavie;
				TargetAttributes = {
					ADD00C531F91C0A50050C24B = {
						CreatedOnToolsVersion = 9.0;
						ProvisioningStyle = Automatic;
					};
					ADD00C671F91C0A50050C24B = {
						CreatedOnToolsVersion = 9.0;
						ProvisioningStyle = Automatic;
						TestTargetID = ADD00C531F91C0A50050C24B;
					};
					ADD00C721F91C0A50050C24B = {
						CreatedOnToolsVersion = 9.0;
						ProvisioningStyle = Automatic;
						TestTargetID = ADD00C531F91C0A50050C24B;
					};
				};
			};
			buildConfigurationList = ADD00C4F1F91C0A50050C24B /* Build configuration list for PBXProject "stopwatch" */;
			compatibilityVersion = "Xcode 8.0";
			developmentRegion = en;
			hasScannedForEncodings = 0;
			knownRegions = (
				en,
				Base,
			);
			mainGroup = ADD00C4B1F91C0A50050C24B;
			productRefGroup = ADD00C551F91C0A50050C24B /* Products */;
			projectDirPath = "";
			projectRoot = "";
			targets = (
				ADD00C531F91C0A50050C24B /* stopwatch */,
				ADD00C671F91C0A50050C24B /* stopwatchTests */,
				ADD00C721F91C0A50050C24B /* stopwatchUITests */,
			);
		};
/* End PBXProject section */

/* Begin PBXResourcesBuildPhase section */
		ADD00C521F91C0A50050C24B /* Resources */ = {
			isa = PBXResourcesBuildPhase;
			buildActionMask = 2147483647;
			files = (
				ADD00C621F91C0A50050C24B /* LaunchScreen.storyboard in Resources */,
				ADD00C5F1F91C0A50050C24B /* Assets.xcassets in Resources */,
				ADD00C5D1F91C0A50050C24B /* Main.storyboard in Resources */,
			);
			runOnlyForDeploymentPostprocessing = 0;
		};
		ADD00C661F91C0A50050C24B /* Resources */ = {
			isa = PBXResourcesBuildPhase;
			buildActionMask = 2147483647;
			files = (
			);
			runOnlyForDeploymentPostprocessing = 0;
		};
		ADD00C711F91C0A50050C24B /* Resources */ = {
			isa = PBXResourcesBuildPhase;
			buildActionMask = 2147483647;
			files = (
			);
			runOnlyForDeploymentPostprocessing = 0;
		};
/* End PBXResourcesBuildPhase section */

/* Begin PBXSourcesBuildPhase section */
		ADD00C501F91C0A50050C24B /* Sources */ = {
			isa = PBXSourcesBuildPhase;
			buildActionMask = 2147483647;
			files = (
				ADD00C5A1F91C0A50050C24B /* ViewController.swift in Sources */,
				ADD00C581F91C0A50050C24B /* AppDelegate.swift in Sources */,
			);
			runOnlyForDeploymentPostprocessing = 0;
		};
		ADD00C641F91C0A50050C24B /* Sources */ = {
			isa = PBXSourcesBuildPhase;
			buildActionMask = 2147483647;
			files = (
				ADD00C6D1F91C0A50050C24B /* stopwatchTests.swift in Sources */,
			);
			runOnlyForDeploymentPostprocessing = 0;
		};
		ADD00C6F1F91C0A50050C24B /* Sources */ = {
			isa = PBXSourcesBuildPhase;
			buildActionMask = 2147483647;
			files = (
				ADD00C781F91C0A50050C24B /* stopwatchUITests.swift in Sources */,
			);
			runOnlyForDeploymentPostprocessing = 0;
		};
/* End PBXSourcesBuildPhase section */

/* Begin PBXTargetDependency section */
		ADD00C6A1F91C0A50050C24B /* PBXTargetDependency */ = {
			isa = PBXTargetDependency;
			target = ADD00C531F91C0A50050C24B /* stopwatch */;
			targetProxy = ADD00C691F91C0A50050C24B /* PBXContainerItemProxy */;
		};
		ADD00C751F91C0A50050C24B /* PBXTargetDependency */ = {
			isa = PBXTargetDependency;
			target = ADD00C531F91C0A50050C24B /* stopwatch */;
			targetProxy = ADD00C741F91C0A50050C24B /* PBXContainerItemProxy */;
		};
/* End PBXTargetDependency section */

/* Begin PBXVariantGroup section */
		ADD00C5B1F91C0A50050C24B /* Main.storyboard */ = {
			isa = PBXVariantGroup;
			children = (
				ADD00C5C1F91C0A50050C24B /* Base */,
			);
			name = Main.storyboard;
			sourceTree = "<group>";
		};
		ADD00C601F91C0A50050C24B /* LaunchScreen.storyboard */ = {
			isa = PBXVariantGroup;
			children = (
				ADD00C611F91C0A50050C24B /* Base */,
			);
			name = LaunchScreen.storyboard;
			sourceTree = "<group>";
		};
/* End PBXVariantGroup section */

/* Begin XCBuildConfiguration section */
		ADD00C7A1F91C0A50050C24B /* Debug */ = {
			isa = XCBuildConfiguration;
			buildSettings = {
				ALWAYS_SEARCH_USER_PATHS = NO;
				CLANG_ANALYZER_NONNULL = YES;
				CLANG_ANALYZER_NUMBER_OBJECT_CONVERSION = YES_AGGRESSIVE;
				CLANG_CXX_LANGUAGE_STANDARD = "gnu++14";
				CLANG_CXX_LIBRARY = "libc++";
				CLANG_ENABLE_MODULES = YES;
				CLANG_ENABLE_OBJC_ARC = YES;
				CLANG_WARN_BLOCK_CAPTURE_AUTORELEASING = YES;
				CLANG_WARN_BOOL_CONVERSION = YES;
				CLANG_WARN_COMMA = YES;
				CLANG_WARN_CONSTANT_CONVERSION = YES;
				CLANG_WARN_DIRECT_OBJC_ISA_USAGE = YES_ERROR;
				CLANG_WARN_DOCUMENTATION_COMMENTS = YES;
				CLANG_WARN_EMPTY_BODY = YES;
				CLANG_WARN_ENUM_CONVERSION = YES;
				CLANG_WARN_INFINITE_RECURSION = YES;
				CLANG_WARN_INT_CONVERSION = YES;
				CLANG_WARN_NON_LITERAL_NULL_CONVERSION = YES;
				CLANG_WARN_OBJC_LITERAL_CONVERSION = YES;
				CLANG_WARN_OBJC_ROOT_CLASS = YES_ERROR;
				CLANG_WARN_RANGE_LOOP_ANALYSIS = YES;
				CLANG_WARN_STRICT_PROTOTYPES = YES;
				CLANG_WARN_SUSPICIOUS_MOVE = YES;
				CLANG_WARN_UNGUARDED_AVAILABILITY = YES_AGGRESSIVE;
				CLANG_WARN_UNREACHABLE_CODE = YES;
				CLANG_WARN__DUPLICATE_METHOD_MATCH = YES;
				CODE_SIGN_IDENTITY = "iPhone Developer";
				COPY_PHASE_STRIP = NO;
				DEBUG_INFORMATION_FORMAT = dwarf;
				ENABLE_STRICT_OBJC_MSGSEND = YES;
				ENABLE_TESTABILITY = YES;
				GCC_C_LANGUAGE_STANDARD = gnu11;
				GCC_DYNAMIC_NO_PIC = NO;
				GCC_NO_COMMON_BLOCKS = YES;
				GCC_OPTIMIZATION_LEVEL = 0;
				GCC_PREPROCESSOR_DEFINITIONS = (
					"DEBUG=1",
					"$(inherited)",
				);
				GCC_WARN_64_TO_32_BIT_CONVERSION = YES;
				GCC_WARN_ABOUT_RETURN_TYPE = YES_ERROR;
				GCC_WARN_UNDECLARED_SELECTOR = YES;
				GCC_WARN_UNINITIALIZED_AUTOS = YES_AGGRESSIVE;
				GCC_WARN_UNUSED_FUNCTION = YES;
				GCC_WARN_UNUSED_VARIABLE = YES;
				IPHONEOS_DEPLOYMENT_TARGET = 11.0;
				MTL_ENABLE_DEBUG_INFO = YES;
				ONLY_ACTIVE_ARCH = YES;
				SDKROOT = iphoneos;
				SWIFT_ACTIVE_COMPILATION_CONDITIONS = DEBUG;
				SWIFT_OPTIMIZATION_LEVEL = "-Onone";
			};
			name = Debug;
		};
		ADD00C7B1F91C0A50050C24B /* Release */ = {
			isa = XCBuildConfiguration;
			buildSettings = {
				ALWAYS_SEARCH_USER_PATHS = NO;
				CLANG_ANALYZER_NONNULL = YES;
				CLANG_ANALYZER_NUMBER_OBJECT_CONVERSION = YES_AGGRESSIVE;
				CLANG_CXX_LANGUAGE_STANDARD = "gnu++14";
				CLANG_CXX_LIBRARY = "libc++";
				CLANG_ENABLE_MODULES = YES;
				CLANG_ENABLE_OBJC_ARC = YES;
				CLANG_WARN_BLOCK_CAPTURE_AUTORELEASING = YES;
				CLANG_WARN_BOOL_CONVERSION = YES;
				CLANG_WARN_COMMA = YES;
				CLANG_WARN_CONSTANT_CONVERSION = YES;
				CLANG_WARN_DIRECT_OBJC_ISA_USAGE = YES_ERROR;
				CLANG_WARN_DOCUMENTATION_COMMENTS = YES;
				CLANG_WARN_EMPTY_BODY = YES;
				CLANG_WARN_ENUM_CONVERSION = YES;
				CLANG_WARN_INFINITE_RECURSION = YES;
				CLANG_WARN_INT_CONVERSION = YES;
				CLANG_WARN_NON_LITERAL_NULL_CONVERSION = YES;
				CLANG_WARN_OBJC_LITERAL_CONVERSION = YES;
				CLANG_WARN_OBJC_ROOT_CLASS = YES_ERROR;
				CLANG_WARN_RANGE_LOOP_ANALYSIS = YES;
				CLANG_WARN_STRICT_PROTOTYPES = YES;
				CLANG_WARN_SUSPICIOUS_MOVE = YES;
				CLANG_WARN_UNGUARDED_AVAILABILITY = YES_AGGRESSIVE;
				CLANG_WARN_UNREACHABLE_CODE = YES;
				CLANG_WARN__DUPLICATE_METHOD_MATCH = YES;
				CODE_SIGN_IDENTITY = "iPhone Developer";
				COPY_PHASE_STRIP = NO;
				DEBUG_INFORMATION_FORMAT = "dwarf-with-dsym";
				ENABLE_NS_ASSERTIONS = NO;
				ENABLE_STRICT_OBJC_MSGSEND = YES;
				GCC_C_LANGUAGE_STANDARD = gnu11;
				GCC_NO_COMMON_BLOCKS = YES;
				GCC_WARN_64_TO_32_BIT_CONVERSION = YES;
				GCC_WARN_ABOUT_RETURN_TYPE = YES_ERROR;
				GCC_WARN_UNDECLARED_SELECTOR = YES;
				GCC_WARN_UNINITIALIZED_AUTOS = YES_AGGRESSIVE;
				GCC_WARN_UNUSED_FUNCTION = YES;
				GCC_WARN_UNUSED_VARIABLE = YES;
				IPHONEOS_DEPLOYMENT_TARGET = 11.0;
				MTL_ENABLE_DEBUG_INFO = NO;
				SDKROOT = iphoneos;
				SWIFT_OPTIMIZATION_LEVEL = "-Owholemodule";
				VALIDATE_PRODUCT = YES;
			};
			name = Release;
		};
		ADD00C7D1F91C0A50050C24B /* Debug */ = {
			isa = XCBuildConfiguration;
			buildSettings = {
				ASSETCATALOG_COMPILER_APPICON_NAME = AppIcon;
				CODE_SIGN_STYLE = Automatic;
				INFOPLIST_FILE = stopwatch/Info.plist;
				LD_RUNPATH_SEARCH_PATHS = "$(inherited) @executable_path/Frameworks";
				PRODUCT_BUNDLE_IDENTIFIER = com.lavie.stopwatch;
				PRODUCT_NAME = "$(TARGET_NAME)";
				SWIFT_VERSION = 4.0;
				TARGETED_DEVICE_FAMILY = "1,2";
			};
			name = Debug;
		};
		ADD00C7E1F91C0A50050C24B /* Release */ = {
			isa = XCBuildConfiguration;
			buildSettings = {
				ASSETCATALOG_COMPILER_APPICON_NAME = AppIcon;
				CODE_SIGN_STYLE = Automatic;
				INFOPLIST_FILE = stopwatch/Info.plist;
				LD_RUNPATH_SEARCH_PATHS = "$(inherited) @executable_path/Frameworks";
				PRODUCT_BUNDLE_IDENTIFIER = com.lavie.stopwatch;
				PRODUCT_NAME = "$(TARGET_NAME)";
				SWIFT_VERSION = 4.0;
				TARGETED_DEVICE_FAMILY = "1,2";
			};
			name = Release;
		};
		ADD00C801F91C0A50050C24B /* Debug */ = {
			isa = XCBuildConfiguration;
			buildSettings = {
				ALWAYS_EMBED_SWIFT_STANDARD_LIBRARIES = YES;
				BUNDLE_LOADER = "$(TEST_HOST)";
				CODE_SIGN_STYLE = Automatic;
				INFOPLIST_FILE = stopwatchTests/Info.plist;
				LD_RUNPATH_SEARCH_PATHS = "$(inherited) @executable_path/Frameworks @loader_path/Frameworks";
				PRODUCT_BUNDLE_IDENTIFIER = com.lavie.stopwatchTests;
				PRODUCT_NAME = "$(TARGET_NAME)";
				SWIFT_VERSION = 4.0;
				TARGETED_DEVICE_FAMILY = "1,2";
				TEST_HOST = "$(BUILT_PRODUCTS_DIR)/stopwatch.app/stopwatch";
			};
			name = Debug;
		};
		ADD00C811F91C0A50050C24B /* Release */ = {
			isa = XCBuildConfiguration;
			buildSettings = {
				ALWAYS_EMBED_SWIFT_STANDARD_LIBRARIES = YES;
				BUNDLE_LOADER = "$(TEST_HOST)";
				CODE_SIGN_STYLE = Automatic;
				INFOPLIST_FILE = stopwatchTests/Info.plist;
				LD_RUNPATH_SEARCH_PATHS = "$(inherited) @executable_path/Frameworks @loader_path/Frameworks";
				PRODUCT_BUNDLE_IDENTIFIER = com.lavie.stopwatchTests;
				PRODUCT_NAME = "$(TARGET_NAME)";
				SWIFT_VERSION = 4.0;
				TARGETED_DEVICE_FAMILY = "1,2";
				TEST_HOST = "$(BUILT_PRODUCTS_DIR)/stopwatch.app/stopwatch";
			};
			name = Release;
		};
		ADD00C831F91C0A50050C24B /* Debug */ = {
			isa = XCBuildConfiguration;
			buildSettings = {
				ALWAYS_EMBED_SWIFT_STANDARD_LIBRARIES = YES;
				CODE_SIGN_STYLE = Automatic;
				INFOPLIST_FILE = stopwatchUITests/Info.plist;
				LD_RUNPATH_SEARCH_PATHS = "$(inherited) @executable_path/Frameworks @loader_path/Frameworks";
				PRODUCT_BUNDLE_IDENTIFIER = com.lavie.stopwatchUITests;
				PRODUCT_NAME = "$(TARGET_NAME)";
				SWIFT_VERSION = 4.0;
				TARGETED_DEVICE_FAMILY = "1,2";
				TEST_TARGET_NAME = stopwatch;
			};
			name = Debug;
		};
		ADD00C841F91C0A50050C24B /* Release */ = {
			isa = XCBuildConfiguration;
			buildSettings = {
				ALWAYS_EMBED_SWIFT_STANDARD_LIBRARIES = YES;
				CODE_SIGN_STYLE = Automatic;
				INFOPLIST_FILE = stopwatchUITests/Info.plist;
				LD_RUNPATH_SEARCH_PATHS = "$(inherited) @executable_path/Frameworks @loader_path/Frameworks";
				PRODUCT_BUNDLE_IDENTIFIER = com.lavie.stopwatchUITests;
				PRODUCT_NAME = "$(TARGET_NAME)";
				SWIFT_VERSION = 4.0;
				TARGETED_DEVICE_FAMILY = "1,2";
				TEST_TARGET_NAME = stopwatch;
			};
			name = Release;
		};
/* End XCBuildConfiguration section */

/* Begin XCConfigurationList section */
		ADD00C4F1F91C0A50050C24B /* Build configuration list for PBXProject "stopwatch" */ = {
			isa = XCConfigurationList;
			buildConfigurations = (
				ADD00C7A1F91C0A50050C24B /* Debug */,
				ADD00C7B1F91C0A50050C24B /* Release */,
			);
			defaultConfigurationIsVisible = 0;
			defaultConfigurationName = Release;
		};
		ADD00C7C1F91C0A50050C24B /* Build configuration list for PBXNativeTarget "stopwatch" */ = {
			isa = XCConfigurationList;
			buildConfigurations = (
				ADD00C7D1F91C0A50050C24B /* Debug */,
				ADD00C7E1F91C0A50050C24B /* Release */,
			);
			defaultConfigurationIsVisible = 0;
			defaultConfigurationName = Release;
		};
		ADD00C7F1F91C0A50050C24B /* Build configuration list for PBXNativeTarget "stopwatchTests" */ = {
			isa = XCConfigurationList;
			buildConfigurations = (
				ADD00C801F91C0A50050C24B /* Debug */,
				ADD00C811F91C0A50050C24B /* Release */,
			);
			defaultConfigurationIsVisible = 0;
			defaultConfigurationName = Release;
		};
		ADD00C821F91C0A50050C24B /* Build configuration list for PBXNativeTarget "stopwatchUITests" */ = {
			isa = XCConfigurationList;
			buildConfigurations = (
				ADD00C831F91C0A50050C24B /* Debug */,
				ADD00C841F91C0A50050C24B /* Release */,
			);
			defaultConfigurationIsVisible = 0;
			defaultConfigurationName = Release;
		};
/* End XCConfigurationList section */
	};
	rootObject = ADD00C4C1F91C0A50050C24B /* Project object */;
}
