// !$*UTF8*$!
{
	archiveVersion = 1;
	classes = {
	};
	objectVersion = 48;
	objects = {

/* Begin PBXBuildFile section */
		AD8F46E81FD3B9850066C010 /* AppDelegate.swift in Sources */ = {isa = PBXBuildFile; fileRef = AD8F46E71FD3B9850066C010 /* AppDelegate.swift */; };
		AD8F46EA1FD3B9850066C010 /* ViewController.swift in Sources */ = {isa = PBXBuildFile; fileRef = AD8F46E91FD3B9850066C010 /* ViewController.swift */; };
		AD8F46ED1FD3B9850066C010 /* Main.storyboard in Resources */ = {isa = PBXBuildFile; fileRef = AD8F46EB1FD3B9850066C010 /* Main.storyboard */; };
		AD8F46EF1FD3B9850066C010 /* Assets.xcassets in Resources */ = {isa = PBXBuildFile; fileRef = AD8F46EE1FD3B9850066C010 /* Assets.xcassets */; };
		AD8F46F21FD3B9850066C010 /* LaunchScreen.storyboard in Resources */ = {isa = PBXBuildFile; fileRef = AD8F46F01FD3B9850066C010 /* LaunchScreen.storyboard */; };
		AD8F46FD1FD3B9850066C010 /* GDSeventhWeekDemosTests.swift in Sources */ = {isa = PBXBuildFile; fileRef = AD8F46FC1FD3B9850066C010 /* GDSeventhWeekDemosTests.swift */; };
		AD8F47081FD3B9860066C010 /* GDSeventhWeekDemosUITests.swift in Sources */ = {isa = PBXBuildFile; fileRef = AD8F47071FD3B9860066C010 /* GDSeventhWeekDemosUITests.swift */; };
		AD8F471D1FD3B9CA0066C010 /* GDGyroscopeController.swift in Sources */ = {isa = PBXBuildFile; fileRef = AD8F47171FD3B9CA0066C010 /* GDGyroscopeController.swift */; };
		AD8F471E1FD3B9CA0066C010 /* GDDynamicsViewController.swift in Sources */ = {isa = PBXBuildFile; fileRef = AD8F47191FD3B9CA0066C010 /* GDDynamicsViewController.swift */; };
		AD8F471F1FD3B9CA0066C010 /* GDLoadingCell.swift in Sources */ = {isa = PBXBuildFile; fileRef = AD8F471B1FD3B9CA0066C010 /* GDLoadingCell.swift */; };
		AD8F47201FD3B9CA0066C010 /* GDLoadImageController.swift in Sources */ = {isa = PBXBuildFile; fileRef = AD8F471C1FD3B9CA0066C010 /* GDLoadImageController.swift */; };
/* End PBXBuildFile section */

/* Begin PBXContainerItemProxy section */
		AD8F46F91FD3B9850066C010 /* PBXContainerItemProxy */ = {
			isa = PBXContainerItemProxy;
			containerPortal = AD8F46DC1FD3B9850066C010 /* Project object */;
			proxyType = 1;
			remoteGlobalIDString = AD8F46E31FD3B9850066C010;
			remoteInfo = GDSeventhWeekDemos;
		};
		AD8F47041FD3B9860066C010 /* PBXContainerItemProxy */ = {
			isa = PBXContainerItemProxy;
			containerPortal = AD8F46DC1FD3B9850066C010 /* Project object */;
			proxyType = 1;
			remoteGlobalIDString = AD8F46E31FD3B9850066C010;
			remoteInfo = GDSeventhWeekDemos;
		};
/* End PBXContainerItemProxy section */

/* Begin PBXFileReference section */
		AD8F46E41FD3B9850066C010 /* GDSeventhWeekDemos.app */ = {isa = PBXFileReference; explicitFileType = wrapper.application; includeInIndex = 0; path = GDSeventhWeekDemos.app; sourceTree = BUILT_PRODUCTS_DIR; };
		AD8F46E71FD3B9850066C010 /* AppDelegate.swift */ = {isa = PBXFileReference; lastKnownFileType = sourcecode.swift; path = AppDelegate.swift; sourceTree = "<group>"; };
		AD8F46E91FD3B9850066C010 /* ViewController.swift */ = {isa = PBXFileReference; lastKnownFileType = sourcecode.swift; path = ViewController.swift; sourceTree = "<group>"; };
		AD8F46EC1FD3B9850066C010 /* Base */ = {isa = PBXFileReference; lastKnownFileType = file.storyboard; name = Base; path = Base.lproj/Main.storyboard; sourceTree = "<group>"; };
		AD8F46EE1FD3B9850066C010 /* Assets.xcassets */ = {isa = PBXFileReference; lastKnownFileType = folder.assetcatalog; path = Assets.xcassets; sourceTree = "<group>"; };
		AD8F46F11FD3B9850066C010 /* Base */ = {isa = PBXFileReference; lastKnownFileType = file.storyboard; name = Base; path = Base.lproj/LaunchScreen.storyboard; sourceTree = "<group>"; };
		AD8F46F31FD3B9850066C010 /* Info.plist */ = {isa = PBXFileReference; lastKnownFileType = text.plist.xml; path = Info.plist; sourceTree = "<group>"; };
		AD8F46F81FD3B9850066C010 /* GDSeventhWeekDemosTests.xctest */ = {isa = PBXFileReference; explicitFileType = wrapper.cfbundle; includeInIndex = 0; path = GDSeventhWeekDemosTests.xctest; sourceTree = BUILT_PRODUCTS_DIR; };
		AD8F46FC1FD3B9850066C010 /* GDSeventhWeekDemosTests.swift */ = {isa = PBXFileReference; lastKnownFileType = sourcecode.swift; path = GDSeventhWeekDemosTests.swift; sourceTree = "<group>"; };
		AD8F46FE1FD3B9850066C010 /* Info.plist */ = {isa = PBXFileReference; lastKnownFileType = text.plist.xml; path = Info.plist; sourceTree = "<group>"; };
		AD8F47031FD3B9860066C010 /* GDSeventhWeekDemosUITests.xctest */ = {isa = PBXFileReference; explicitFileType = wrapper.cfbundle; includeInIndex = 0; path = GDSeventhWeekDemosUITests.xctest; sourceTree = BUILT_PRODUCTS_DIR; };
		AD8F47071FD3B9860066C010 /* GDSeventhWeekDemosUITests.swift */ = {isa = PBXFileReference; lastKnownFileType = sourcecode.swift; path = GDSeventhWeekDemosUITests.swift; sourceTree = "<group>"; };
		AD8F47091FD3B9860066C010 /* Info.plist */ = {isa = PBXFileReference; lastKnownFileType = text.plist.xml; path = Info.plist; sourceTree = "<group>"; };
		AD8F47171FD3B9CA0066C010 /* GDGyroscopeController.swift */ = {isa = PBXFileReference; fileEncoding = 4; lastKnownFileType = sourcecode.swift; path = GDGyroscopeController.swift; sourceTree = "<group>"; };
		AD8F47191FD3B9CA0066C010 /* GDDynamicsViewController.swift */ = {isa = PBXFileReference; fileEncoding = 4; lastKnownFileType = sourcecode.swift; path = GDDynamicsViewController.swift; sourceTree = "<group>"; };
		AD8F471B1FD3B9CA0066C010 /* GDLoadingCell.swift */ = {isa = PBXFileReference; fileEncoding = 4; lastKnownFileType = sourcecode.swift; path = GDLoadingCell.swift; sourceTree = "<group>"; };
		AD8F471C1FD3B9CA0066C010 /* GDLoadImageController.swift */ = {isa = PBXFileReference; fileEncoding = 4; lastKnownFileType = sourcecode.swift; path = GDLoadImageController.swift; sourceTree = "<group>"; };
/* End PBXFileReference section */

/* Begin PBXFrameworksBuildPhase section */
		AD8F46E11FD3B9850066C010 /* Frameworks */ = {
			isa = PBXFrameworksBuildPhase;
			buildActionMask = 2147483647;
			files = (
			);
			runOnlyForDeploymentPostprocessing = 0;
		};
		AD8F46F51FD3B9850066C010 /* Frameworks */ = {
			isa = PBXFrameworksBuildPhase;
			buildActionMask = 2147483647;
			files = (
			);
			runOnlyForDeploymentPostprocessing = 0;
		};
		AD8F47001FD3B9860066C010 /* Frameworks */ = {
			isa = PBXFrameworksBuildPhase;
			buildActionMask = 2147483647;
			files = (
			);
			runOnlyForDeploymentPostprocessing = 0;
		};
/* End PBXFrameworksBuildPhase section */

/* Begin PBXGroup section */
		AD8F46DB1FD3B9850066C010 = {
			isa = PBXGroup;
			children = (
				AD8F46E61FD3B9850066C010 /* GDSeventhWeekDemos */,
				AD8F46FB1FD3B9850066C010 /* GDSeventhWeekDemosTests */,
				AD8F47061FD3B9860066C010 /* GDSeventhWeekDemosUITests */,
				AD8F46E51FD3B9850066C010 /* Products */,
			);
			sourceTree = "<group>";
		};
		AD8F46E51FD3B9850066C010 /* Products */ = {
			isa = PBXGroup;
			children = (
				AD8F46E41FD3B9850066C010 /* GDSeventhWeekDemos.app */,
				AD8F46F81FD3B9850066C010 /* GDSeventhWeekDemosTests.xctest */,
				AD8F47031FD3B9860066C010 /* GDSeventhWeekDemosUITests.xctest */,
			);
			name = Products;
			sourceTree = "<group>";
		};
		AD8F46E61FD3B9850066C010 /* GDSeventhWeekDemos */ = {
			isa = PBXGroup;
			children = (
				AD8F46E71FD3B9850066C010 /* AppDelegate.swift */,
				AD8F46E91FD3B9850066C010 /* ViewController.swift */,
				AD8F47151FD3B9CA0066C010 /* Demos */,
				AD8F46EB1FD3B9850066C010 /* Main.storyboard */,
				AD8F46EE1FD3B9850066C010 /* Assets.xcassets */,
				AD8F46F01FD3B9850066C010 /* LaunchScreen.storyboard */,
				AD8F46F31FD3B9850066C010 /* Info.plist */,
			);
			path = GDSeventhWeekDemos;
			sourceTree = "<group>";
		};
		AD8F46FB1FD3B9850066C010 /* GDSeventhWeekDemosTests */ = {
			isa = PBXGroup;
			children = (
				AD8F46FC1FD3B9850066C010 /* GDSeventhWeekDemosTests.swift */,
				AD8F46FE1FD3B9850066C010 /* Info.plist */,
			);
			path = GDSeventhWeekDemosTests;
			sourceTree = "<group>";
		};
		AD8F47061FD3B9860066C010 /* GDSeventhWeekDemosUITests */ = {
			isa = PBXGroup;
			children = (
				AD8F47071FD3B9860066C010 /* GDSeventhWeekDemosUITests.swift */,
				AD8F47091FD3B9860066C010 /* Info.plist */,
			);
			path = GDSeventhWeekDemosUITests;
			sourceTree = "<group>";
		};
		AD8F47151FD3B9CA0066C010 /* Demos */ = {
			isa = PBXGroup;
			children = (
				AD8F47161FD3B9CA0066C010 /* First */,
				AD8F47181FD3B9CA0066C010 /* Third */,
				AD8F471A1FD3B9CA0066C010 /* Second */,
			);
			path = Demos;
			sourceTree = "<group>";
		};
		AD8F47161FD3B9CA0066C010 /* First */ = {
			isa = PBXGroup;
			children = (
				AD8F47171FD3B9CA0066C010 /* GDGyroscopeController.swift */,
			);
			path = First;
			sourceTree = "<group>";
		};
		AD8F47181FD3B9CA0066C010 /* Third */ = {
			isa = PBXGroup;
			children = (
				AD8F47191FD3B9CA0066C010 /* GDDynamicsViewController.swift */,
			);
			path = Third;
			sourceTree = "<group>";
		};
		AD8F471A1FD3B9CA0066C010 /* Second */ = {
			isa = PBXGroup;
			children = (
				AD8F471B1FD3B9CA0066C010 /* GDLoadingCell.swift */,
				AD8F471C1FD3B9CA0066C010 /* GDLoadImageController.swift */,
			);
			path = Second;
			sourceTree = "<group>";
		};
/* End PBXGroup section */

/* Begin PBXNativeTarget section */
		AD8F46E31FD3B9850066C010 /* GDSeventhWeekDemos */ = {
			isa = PBXNativeTarget;
			buildConfigurationList = AD8F470C1FD3B9860066C010 /* Build configuration list for PBXNativeTarget "GDSeventhWeekDemos" */;
			buildPhases = (
				AD8F46E01FD3B9850066C010 /* Sources */,
				AD8F46E11FD3B9850066C010 /* Frameworks */,
				AD8F46E21FD3B9850066C010 /* Resources */,
			);
			buildRules = (
			);
			dependencies = (
			);
			name = GDSeventhWeekDemos;
			productName = GDSeventhWeekDemos;
			productReference = AD8F46E41FD3B9850066C010 /* GDSeventhWeekDemos.app */;
			productType = "com.apple.product-type.application";
		};
		AD8F46F71FD3B9850066C010 /* GDSeventhWeekDemosTests */ = {
			isa = PBXNativeTarget;
			buildConfigurationList = AD8F470F1FD3B9860066C010 /* Build configuration list for PBXNativeTarget "GDSeventhWeekDemosTests" */;
			buildPhases = (
				AD8F46F41FD3B9850066C010 /* Sources */,
				AD8F46F51FD3B9850066C010 /* Frameworks */,
				AD8F46F61FD3B9850066C010 /* Resources */,
			);
			buildRules = (
			);
			dependencies = (
				AD8F46FA1FD3B9850066C010 /* PBXTargetDependency */,
			);
			name = GDSeventhWeekDemosTests;
			productName = GDSeventhWeekDemosTests;
			productReference = AD8F46F81FD3B9850066C010 /* GDSeventhWeekDemosTests.xctest */;
			productType = "com.apple.product-type.bundle.unit-test";
		};
		AD8F47021FD3B9860066C010 /* GDSeventhWeekDemosUITests */ = {
			isa = PBXNativeTarget;
			buildConfigurationList = AD8F47121FD3B9860066C010 /* Build configuration list for PBXNativeTarget "GDSeventhWeekDemosUITests" */;
			buildPhases = (
				AD8F46FF1FD3B9860066C010 /* Sources */,
				AD8F47001FD3B9860066C010 /* Frameworks */,
				AD8F47011FD3B9860066C010 /* Resources */,
			);
			buildRules = (
			);
			dependencies = (
				AD8F47051FD3B9860066C010 /* PBXTargetDependency */,
			);
			name = GDSeventhWeekDemosUITests;
			productName = GDSeventhWeekDemosUITests;
			productReference = AD8F47031FD3B9860066C010 /* GDSeventhWeekDemosUITests.xctest */;
			productType = "com.apple.product-type.bundle.ui-testing";
		};
/* End PBXNativeTarget section */

/* Begin PBXProject section */
		AD8F46DC1FD3B9850066C010 /* Project object */ = {
			isa = PBXProject;
			attributes = {
				LastSwiftUpdateCheck = 0910;
				LastUpgradeCheck = 0910;
				ORGANIZATIONNAME = Lavie;
				TargetAttributes = {
					AD8F46E31FD3B9850066C010 = {
						CreatedOnToolsVersion = 9.1;
						ProvisioningStyle = Automatic;
					};
					AD8F46F71FD3B9850066C010 = {
						CreatedOnToolsVersion = 9.1;
						ProvisioningStyle = Automatic;
						TestTargetID = AD8F46E31FD3B9850066C010;
					};
					AD8F47021FD3B9860066C010 = {
						CreatedOnToolsVersion = 9.1;
						ProvisioningStyle = Automatic;
						TestTargetID = AD8F46E31FD3B9850066C010;
					};
				};
			};
			buildConfigurationList = AD8F46DF1FD3B9850066C010 /* Build configuration list for PBXProject "GDSeventhWeekDemos" */;
			compatibilityVersion = "Xcode 8.0";
			developmentRegion = en;
			hasScannedForEncodings = 0;
			knownRegions = (
				en,
				Base,
			);
			mainGroup = AD8F46DB1FD3B9850066C010;
			productRefGroup = AD8F46E51FD3B9850066C010 /* Products */;
			projectDirPath = "";
			projectRoot = "";
			targets = (
				AD8F46E31FD3B9850066C010 /* GDSeventhWeekDemos */,
				AD8F46F71FD3B9850066C010 /* GDSeventhWeekDemosTests */,
				AD8F47021FD3B9860066C010 /* GDSeventhWeekDemosUITests */,
			);
		};
/* End PBXProject section */

/* Begin PBXResourcesBuildPhase section */
		AD8F46E21FD3B9850066C010 /* Resources */ = {
			isa = PBXResourcesBuildPhase;
			buildActionMask = 2147483647;
			files = (
				AD8F46F21FD3B9850066C010 /* LaunchScreen.storyboard in Resources */,
				AD8F46EF1FD3B9850066C010 /* Assets.xcassets in Resources */,
				AD8F46ED1FD3B9850066C010 /* Main.storyboard in Resources */,
			);
			runOnlyForDeploymentPostprocessing = 0;
		};
		AD8F46F61FD3B9850066C010 /* Resources */ = {
			isa = PBXResourcesBuildPhase;
			buildActionMask = 2147483647;
			files = (
			);
			runOnlyForDeploymentPostprocessing = 0;
		};
		AD8F47011FD3B9860066C010 /* Resources */ = {
			isa = PBXResourcesBuildPhase;
			buildActionMask = 2147483647;
			files = (
			);
			runOnlyForDeploymentPostprocessing = 0;
		};
/* End PBXResourcesBuildPhase section */

/* Begin PBXSourcesBuildPhase section */
		AD8F46E01FD3B9850066C010 /* Sources */ = {
			isa = PBXSourcesBuildPhase;
			buildActionMask = 2147483647;
			files = (
				AD8F471F1FD3B9CA0066C010 /* GDLoadingCell.swift in Sources */,
				AD8F471D1FD3B9CA0066C010 /* GDGyroscopeController.swift in Sources */,
				AD8F46EA1FD3B9850066C010 /* ViewController.swift in Sources */,
				AD8F46E81FD3B9850066C010 /* AppDelegate.swift in Sources */,
				AD8F47201FD3B9CA0066C010 /* GDLoadImageController.swift in Sources */,
				AD8F471E1FD3B9CA0066C010 /* GDDynamicsViewController.swift in Sources */,
			);
			runOnlyForDeploymentPostprocessing = 0;
		};
		AD8F46F41FD3B9850066C010 /* Sources */ = {
			isa = PBXSourcesBuildPhase;
			buildActionMask = 2147483647;
			files = (
				AD8F46FD1FD3B9850066C010 /* GDSeventhWeekDemosTests.swift in Sources */,
			);
			runOnlyForDeploymentPostprocessing = 0;
		};
		AD8F46FF1FD3B9860066C010 /* Sources */ = {
			isa = PBXSourcesBuildPhase;
			buildActionMask = 2147483647;
			files = (
				AD8F47081FD3B9860066C010 /* GDSeventhWeekDemosUITests.swift in Sources */,
			);
			runOnlyForDeploymentPostprocessing = 0;
		};
/* End PBXSourcesBuildPhase section */

/* Begin PBXTargetDependency section */
		AD8F46FA1FD3B9850066C010 /* PBXTargetDependency */ = {
			isa = PBXTargetDependency;
			target = AD8F46E31FD3B9850066C010 /* GDSeventhWeekDemos */;
			targetProxy = AD8F46F91FD3B9850066C010 /* PBXContainerItemProxy */;
		};
		AD8F47051FD3B9860066C010 /* PBXTargetDependency */ = {
			isa = PBXTargetDependency;
			target = AD8F46E31FD3B9850066C010 /* GDSeventhWeekDemos */;
			targetProxy = AD8F47041FD3B9860066C010 /* PBXContainerItemProxy */;
		};
/* End PBXTargetDependency section */

/* Begin PBXVariantGroup section */
		AD8F46EB1FD3B9850066C010 /* Main.storyboard */ = {
			isa = PBXVariantGroup;
			children = (
				AD8F46EC1FD3B9850066C010 /* Base */,
			);
			name = Main.storyboard;
			sourceTree = "<group>";
		};
		AD8F46F01FD3B9850066C010 /* LaunchScreen.storyboard */ = {
			isa = PBXVariantGroup;
			children = (
				AD8F46F11FD3B9850066C010 /* Base */,
			);
			name = LaunchScreen.storyboard;
			sourceTree = "<group>";
		};
/* End PBXVariantGroup section */

/* Begin XCBuildConfiguration section */
		AD8F470A1FD3B9860066C010 /* Debug */ = {
			isa = XCBuildConfiguration;
			buildSettings = {
				ALWAYS_SEARCH_USER_PATHS = NO;
				CLANG_ANALYZER_NONNULL = YES;
				CLANG_ANALYZER_NUMBER_OBJECT_CONVERSION = YES_AGGRESSIVE;
				CLANG_CXX_LANGUAGE_STANDARD = "gnu++14";
				CLANG_CXX_LIBRARY = "libc++";
				CLANG_ENABLE_MODULES = YES;
				CLANG_ENABLE_OBJC_ARC = YES;
				CLANG_WARN_BLOCK_CAPTURE_AUTORELEASING = YES;
				CLANG_WARN_BOOL_CONVERSION = YES;
				CLANG_WARN_COMMA = YES;
				CLANG_WARN_CONSTANT_CONVERSION = YES;
				CLANG_WARN_DIRECT_OBJC_ISA_USAGE = YES_ERROR;
				CLANG_WARN_DOCUMENTATION_COMMENTS = YES;
				CLANG_WARN_EMPTY_BODY = YES;
				CLANG_WARN_ENUM_CONVERSION = YES;
				CLANG_WARN_INFINITE_RECURSION = YES;
				CLANG_WARN_INT_CONVERSION = YES;
				CLANG_WARN_NON_LITERAL_NULL_CONVERSION = YES;
				CLANG_WARN_OBJC_LITERAL_CONVERSION = YES;
				CLANG_WARN_OBJC_ROOT_CLASS = YES_ERROR;
				CLANG_WARN_RANGE_LOOP_ANALYSIS = YES;
				CLANG_WARN_STRICT_PROTOTYPES = YES;
				CLANG_WARN_SUSPICIOUS_MOVE = YES;
				CLANG_WARN_UNGUARDED_AVAILABILITY = YES_AGGRESSIVE;
				CLANG_WARN_UNREACHABLE_CODE = YES;
				CLANG_WARN__DUPLICATE_METHOD_MATCH = YES;
				CODE_SIGN_IDENTITY = "iPhone Developer";
				COPY_PHASE_STRIP = NO;
				DEBUG_INFORMATION_FORMAT = dwarf;
				ENABLE_STRICT_OBJC_MSGSEND = YES;
				ENABLE_TESTABILITY = YES;
				GCC_C_LANGUAGE_STANDARD = gnu11;
				GCC_DYNAMIC_NO_PIC = NO;
				GCC_NO_COMMON_BLOCKS = YES;
				GCC_OPTIMIZATION_LEVEL = 0;
				GCC_PREPROCESSOR_DEFINITIONS = (
					"DEBUG=1",
					"$(inherited)",
				);
				GCC_WARN_64_TO_32_BIT_CONVERSION = YES;
				GCC_WARN_ABOUT_RETURN_TYPE = YES_ERROR;
				GCC_WARN_UNDECLARED_SELECTOR = YES;
				GCC_WARN_UNINITIALIZED_AUTOS = YES_AGGRESSIVE;
				GCC_WARN_UNUSED_FUNCTION = YES;
				GCC_WARN_UNUSED_VARIABLE = YES;
				IPHONEOS_DEPLOYMENT_TARGET = 11.1;
				MTL_ENABLE_DEBUG_INFO = YES;
				ONLY_ACTIVE_ARCH = YES;
				SDKROOT = iphoneos;
				SWIFT_ACTIVE_COMPILATION_CONDITIONS = DEBUG;
				SWIFT_OPTIMIZATION_LEVEL = "-Onone";
			};
			name = Debug;
		};
		AD8F470B1FD3B9860066C010 /* Release */ = {
			isa = XCBuildConfiguration;
			buildSettings = {
				ALWAYS_SEARCH_USER_PATHS = NO;
				CLANG_ANALYZER_NONNULL = YES;
				CLANG_ANALYZER_NUMBER_OBJECT_CONVERSION = YES_AGGRESSIVE;
				CLANG_CXX_LANGUAGE_STANDARD = "gnu++14";
				CLANG_CXX_LIBRARY = "libc++";
				CLANG_ENABLE_MODULES = YES;
				CLANG_ENABLE_OBJC_ARC = YES;
				CLANG_WARN_BLOCK_CAPTURE_AUTORELEASING = YES;
				CLANG_WARN_BOOL_CONVERSION = YES;
				CLANG_WARN_COMMA = YES;
				CLANG_WARN_CONSTANT_CONVERSION = YES;
				CLANG_WARN_DIRECT_OBJC_ISA_USAGE = YES_ERROR;
				CLANG_WARN_DOCUMENTATION_COMMENTS = YES;
				CLANG_WARN_EMPTY_BODY = YES;
				CLANG_WARN_ENUM_CONVERSION = YES;
				CLANG_WARN_INFINITE_RECURSION = YES;
				CLANG_WARN_INT_CONVERSION = YES;
				CLANG_WARN_NON_LITERAL_NULL_CONVERSION = YES;
				CLANG_WARN_OBJC_LITERAL_CONVERSION = YES;
				CLANG_WARN_OBJC_ROOT_CLASS = YES_ERROR;
				CLANG_WARN_RANGE_LOOP_ANALYSIS = YES;
				CLANG_WARN_STRICT_PROTOTYPES = YES;
				CLANG_WARN_SUSPICIOUS_MOVE = YES;
				CLANG_WARN_UNGUARDED_AVAILABILITY = YES_AGGRESSIVE;
				CLANG_WARN_UNREACHABLE_CODE = YES;
				CLANG_WARN__DUPLICATE_METHOD_MATCH = YES;
				CODE_SIGN_IDENTITY = "iPhone Developer";
				COPY_PHASE_STRIP = NO;
				DEBUG_INFORMATION_FORMAT = "dwarf-with-dsym";
				ENABLE_NS_ASSERTIONS = NO;
				ENABLE_STRICT_OBJC_MSGSEND = YES;
				GCC_C_LANGUAGE_STANDARD = gnu11;
				GCC_NO_COMMON_BLOCKS = YES;
				GCC_WARN_64_TO_32_BIT_CONVERSION = YES;
				GCC_WARN_ABOUT_RETURN_TYPE = YES_ERROR;
				GCC_WARN_UNDECLARED_SELECTOR = YES;
				GCC_WARN_UNINITIALIZED_AUTOS = YES_AGGRESSIVE;
				GCC_WARN_UNUSED_FUNCTION = YES;
				GCC_WARN_UNUSED_VARIABLE = YES;
				IPHONEOS_DEPLOYMENT_TARGET = 11.1;
				MTL_ENABLE_DEBUG_INFO = NO;
				SDKROOT = iphoneos;
				SWIFT_OPTIMIZATION_LEVEL = "-Owholemodule";
				VALIDATE_PRODUCT = YES;
			};
			name = Release;
		};
		AD8F470D1FD3B9860066C010 /* Debug */ = {
			isa = XCBuildConfiguration;
			buildSettings = {
				ASSETCATALOG_COMPILER_APPICON_NAME = AppIcon;
				CODE_SIGN_STYLE = Automatic;
				INFOPLIST_FILE = GDSeventhWeekDemos/Info.plist;
				LD_RUNPATH_SEARCH_PATHS = "$(inherited) @executable_path/Frameworks";
				PRODUCT_BUNDLE_IDENTIFIER = com.lavie.GDSeventhWeekDemos;
				PRODUCT_NAME = "$(TARGET_NAME)";
				SWIFT_VERSION = 4.0;
				TARGETED_DEVICE_FAMILY = "1,2";
			};
			name = Debug;
		};
		AD8F470E1FD3B9860066C010 /* Release */ = {
			isa = XCBuildConfiguration;
			buildSettings = {
				ASSETCATALOG_COMPILER_APPICON_NAME = AppIcon;
				CODE_SIGN_STYLE = Automatic;
				INFOPLIST_FILE = GDSeventhWeekDemos/Info.plist;
				LD_RUNPATH_SEARCH_PATHS = "$(inherited) @executable_path/Frameworks";
				PRODUCT_BUNDLE_IDENTIFIER = com.lavie.GDSeventhWeekDemos;
				PRODUCT_NAME = "$(TARGET_NAME)";
				SWIFT_VERSION = 4.0;
				TARGETED_DEVICE_FAMILY = "1,2";
			};
			name = Release;
		};
		AD8F47101FD3B9860066C010 /* Debug */ = {
			isa = XCBuildConfiguration;
			buildSettings = {
				ALWAYS_EMBED_SWIFT_STANDARD_LIBRARIES = YES;
				BUNDLE_LOADER = "$(TEST_HOST)";
				CODE_SIGN_STYLE = Automatic;
				INFOPLIST_FILE = GDSeventhWeekDemosTests/Info.plist;
				LD_RUNPATH_SEARCH_PATHS = "$(inherited) @executable_path/Frameworks @loader_path/Frameworks";
				PRODUCT_BUNDLE_IDENTIFIER = com.lavie.GDSeventhWeekDemosTests;
				PRODUCT_NAME = "$(TARGET_NAME)";
				SWIFT_VERSION = 4.0;
				TARGETED_DEVICE_FAMILY = "1,2";
				TEST_HOST = "$(BUILT_PRODUCTS_DIR)/GDSeventhWeekDemos.app/GDSeventhWeekDemos";
			};
			name = Debug;
		};
		AD8F47111FD3B9860066C010 /* Release */ = {
			isa = XCBuildConfiguration;
			buildSettings = {
				ALWAYS_EMBED_SWIFT_STANDARD_LIBRARIES = YES;
				BUNDLE_LOADER = "$(TEST_HOST)";
				CODE_SIGN_STYLE = Automatic;
				INFOPLIST_FILE = GDSeventhWeekDemosTests/Info.plist;
				LD_RUNPATH_SEARCH_PATHS = "$(inherited) @executable_path/Frameworks @loader_path/Frameworks";
				PRODUCT_BUNDLE_IDENTIFIER = com.lavie.GDSeventhWeekDemosTests;
				PRODUCT_NAME = "$(TARGET_NAME)";
				SWIFT_VERSION = 4.0;
				TARGETED_DEVICE_FAMILY = "1,2";
				TEST_HOST = "$(BUILT_PRODUCTS_DIR)/GDSeventhWeekDemos.app/GDSeventhWeekDemos";
			};
			name = Release;
		};
		AD8F47131FD3B9860066C010 /* Debug */ = {
			isa = XCBuildConfiguration;
			buildSettings = {
				ALWAYS_EMBED_SWIFT_STANDARD_LIBRARIES = YES;
				CODE_SIGN_STYLE = Automatic;
				INFOPLIST_FILE = GDSeventhWeekDemosUITests/Info.plist;
				LD_RUNPATH_SEARCH_PATHS = "$(inherited) @executable_path/Frameworks @loader_path/Frameworks";
				PRODUCT_BUNDLE_IDENTIFIER = com.lavie.GDSeventhWeekDemosUITests;
				PRODUCT_NAME = "$(TARGET_NAME)";
				SWIFT_VERSION = 4.0;
				TARGETED_DEVICE_FAMILY = "1,2";
				TEST_TARGET_NAME = GDSeventhWeekDemos;
			};
			name = Debug;
		};
		AD8F47141FD3B9860066C010 /* Release */ = {
			isa = XCBuildConfiguration;
			buildSettings = {
				ALWAYS_EMBED_SWIFT_STANDARD_LIBRARIES = YES;
				CODE_SIGN_STYLE = Automatic;
				INFOPLIST_FILE = GDSeventhWeekDemosUITests/Info.plist;
				LD_RUNPATH_SEARCH_PATHS = "$(inherited) @executable_path/Frameworks @loader_path/Frameworks";
				PRODUCT_BUNDLE_IDENTIFIER = com.lavie.GDSeventhWeekDemosUITests;
				PRODUCT_NAME = "$(TARGET_NAME)";
				SWIFT_VERSION = 4.0;
				TARGETED_DEVICE_FAMILY = "1,2";
				TEST_TARGET_NAME = GDSeventhWeekDemos;
			};
			name = Release;
		};
/* End XCBuildConfiguration section */

/* Begin XCConfigurationList section */
		AD8F46DF1FD3B9850066C010 /* Build configuration list for PBXProject "GDSeventhWeekDemos" */ = {
			isa = XCConfigurationList;
			buildConfigurations = (
				AD8F470A1FD3B9860066C010 /* Debug */,
				AD8F470B1FD3B9860066C010 /* Release */,
			);
			defaultConfigurationIsVisible = 0;
			defaultConfigurationName = Release;
		};
		AD8F470C1FD3B9860066C010 /* Build configuration list for PBXNativeTarget "GDSeventhWeekDemos" */ = {
			isa = XCConfigurationList;
			buildConfigurations = (
				AD8F470D1FD3B9860066C010 /* Debug */,
				AD8F470E1FD3B9860066C010 /* Release */,
			);
			defaultConfigurationIsVisible = 0;
			defaultConfigurationName = Release;
		};
		AD8F470F1FD3B9860066C010 /* Build configuration list for PBXNativeTarget "GDSeventhWeekDemosTests" */ = {
			isa = XCConfigurationList;
			buildConfigurations = (
				AD8F47101FD3B9860066C010 /* Debug */,
				AD8F47111FD3B9860066C010 /* Release */,
			);
			defaultConfigurationIsVisible = 0;
			defaultConfigurationName = Release;
		};
		AD8F47121FD3B9860066C010 /* Build configuration list for PBXNativeTarget "GDSeventhWeekDemosUITests" */ = {
			isa = XCConfigurationList;
			buildConfigurations = (
				AD8F47131FD3B9860066C010 /* Debug */,
				AD8F47141FD3B9860066C010 /* Release */,
			);
			defaultConfigurationIsVisible = 0;
			defaultConfigurationName = Release;
		};
/* End XCConfigurationList section */
	};
	rootObject = AD8F46DC1FD3B9850066C010 /* Project object */;
}
